// !$*UTF8*$!
{
	archiveVersion = 1;
	classes = {
	};
	objectVersion = 56;
	objects = {

/* Begin PBXBuildFile section */
		7D5720FD2CBE97E900FECDF2 /* AppDelegate.swift in Sources */ = {isa = PBXBuildFile; fileRef = 7D5720FC2CBE97E900FECDF2 /* AppDelegate.swift */; };
		7D5720FF2CBE97E900FECDF2 /* SceneDelegate.swift in Sources */ = {isa = PBXBuildFile; fileRef = 7D5720FE2CBE97E900FECDF2 /* SceneDelegate.swift */; };
		7D5721012CBE97E900FECDF2 /* ViewController.swift in Sources */ = {isa = PBXBuildFile; fileRef = 7D5721002CBE97E900FECDF2 /* ViewController.swift */; };
		7D5721042CBE97E900FECDF2 /* Main.storyboard in Resources */ = {isa = PBXBuildFile; fileRef = 7D5721022CBE97E900FECDF2 /* Main.storyboard */; };
		7D5721062CBE97EA00FECDF2 /* Assets.xcassets in Resources */ = {isa = PBXBuildFile; fileRef = 7D5721052CBE97EA00FECDF2 /* Assets.xcassets */; };
		7D5721092CBE97EA00FECDF2 /* LaunchScreen.storyboard in Resources */ = {isa = PBXBuildFile; fileRef = 7D5721072CBE97EA00FECDF2 /* LaunchScreen.storyboard */; };
		7D5721142CBE97EA00FECDF2 /* FilmMenuTests.swift in Sources */ = {isa = PBXBuildFile; fileRef = 7D5721132CBE97EA00FECDF2 /* FilmMenuTests.swift */; };
		7D57211E2CBE97EA00FECDF2 /* FilmMenuUITests.swift in Sources */ = {isa = PBXBuildFile; fileRef = 7D57211D2CBE97EA00FECDF2 /* FilmMenuUITests.swift */; };
		7D5721202CBE97EA00FECDF2 /* FilmMenuUITestsLaunchTests.swift in Sources */ = {isa = PBXBuildFile; fileRef = 7D57211F2CBE97EA00FECDF2 /* FilmMenuUITestsLaunchTests.swift */; };
		7D57212D2CBEA40A00FECDF2 /* FilmHucre.swift in Sources */ = {isa = PBXBuildFile; fileRef = 7D57212C2CBEA40A00FECDF2 /* FilmHucre.swift */; };
		7D57212F2CBEAE4400FECDF2 /* Filmler.swift in Sources */ = {isa = PBXBuildFile; fileRef = 7D57212E2CBEAE4400FECDF2 /* Filmler.swift */; };
/* End PBXBuildFile section */

/* Begin PBXContainerItemProxy section */
		7D5721102CBE97EA00FECDF2 /* PBXContainerItemProxy */ = {
			isa = PBXContainerItemProxy;
			containerPortal = 7D5720F12CBE97E900FECDF2 /* Project object */;
			proxyType = 1;
			remoteGlobalIDString = 7D5720F82CBE97E900FECDF2;
			remoteInfo = FilmMenu;
		};
		7D57211A2CBE97EA00FECDF2 /* PBXContainerItemProxy */ = {
			isa = PBXContainerItemProxy;
			containerPortal = 7D5720F12CBE97E900FECDF2 /* Project object */;
			proxyType = 1;
			remoteGlobalIDString = 7D5720F82CBE97E900FECDF2;
			remoteInfo = FilmMenu;
		};
/* End PBXContainerItemProxy section */

/* Begin PBXFileReference section */
		7D5720F92CBE97E900FECDF2 /* FilmMenu.app */ = {isa = PBXFileReference; explicitFileType = wrapper.application; includeInIndex = 0; path = FilmMenu.app; sourceTree = BUILT_PRODUCTS_DIR; };
		7D5720FC2CBE97E900FECDF2 /* AppDelegate.swift */ = {isa = PBXFileReference; lastKnownFileType = sourcecode.swift; path = AppDelegate.swift; sourceTree = "<group>"; };
		7D5720FE2CBE97E900FECDF2 /* SceneDelegate.swift */ = {isa = PBXFileReference; lastKnownFileType = sourcecode.swift; path = SceneDelegate.swift; sourceTree = "<group>"; };
		7D5721002CBE97E900FECDF2 /* ViewController.swift */ = {isa = PBXFileReference; lastKnownFileType = sourcecode.swift; path = ViewController.swift; sourceTree = "<group>"; };
		7D5721032CBE97E900FECDF2 /* Base */ = {isa = PBXFileReference; lastKnownFileType = file.storyboard; name = Base; path = Base.lproj/Main.storyboard; sourceTree = "<group>"; };
		7D5721052CBE97EA00FECDF2 /* Assets.xcassets */ = {isa = PBXFileReference; lastKnownFileType = folder.assetcatalog; path = Assets.xcassets; sourceTree = "<group>"; };
		7D5721082CBE97EA00FECDF2 /* Base */ = {isa = PBXFileReference; lastKnownFileType = file.storyboard; name = Base; path = Base.lproj/LaunchScreen.storyboard; sourceTree = "<group>"; };
		7D57210A2CBE97EA00FECDF2 /* Info.plist */ = {isa = PBXFileReference; lastKnownFileType = text.plist.xml; path = Info.plist; sourceTree = "<group>"; };
		7D57210F2CBE97EA00FECDF2 /* FilmMenuTests.xctest */ = {isa = PBXFileReference; explicitFileType = wrapper.cfbundle; includeInIndex = 0; path = FilmMenuTests.xctest; sourceTree = BUILT_PRODUCTS_DIR; };
		7D5721132CBE97EA00FECDF2 /* FilmMenuTests.swift */ = {isa = PBXFileReference; lastKnownFileType = sourcecode.swift; path = FilmMenuTests.swift; sourceTree = "<group>"; };
		7D5721192CBE97EA00FECDF2 /* FilmMenuUITests.xctest */ = {isa = PBXFileReference; explicitFileType = wrapper.cfbundle; includeInIndex = 0; path = FilmMenuUITests.xctest; sourceTree = BUILT_PRODUCTS_DIR; };
		7D57211D2CBE97EA00FECDF2 /* FilmMenuUITests.swift */ = {isa = PBXFileReference; lastKnownFileType = sourcecode.swift; path = FilmMenuUITests.swift; sourceTree = "<group>"; };
		7D57211F2CBE97EA00FECDF2 /* FilmMenuUITestsLaunchTests.swift */ = {isa = PBXFileReference; lastKnownFileType = sourcecode.swift; path = FilmMenuUITestsLaunchTests.swift; sourceTree = "<group>"; };
		7D57212C2CBEA40A00FECDF2 /* FilmHucre.swift */ = {isa = PBXFileReference; lastKnownFileType = sourcecode.swift; path = FilmHucre.swift; sourceTree = "<group>"; };
		7D57212E2CBEAE4400FECDF2 /* Filmler.swift */ = {isa = PBXFileReference; lastKnownFileType = sourcecode.swift; path = Filmler.swift; sourceTree = "<group>"; };
/* End PBXFileReference section */

/* Begin PBXFrameworksBuildPhase section */
		7D5720F62CBE97E900FECDF2 /* Frameworks */ = {
			isa = PBXFrameworksBuildPhase;
			buildActionMask = 2147483647;
			files = (
			);
			runOnlyForDeploymentPostprocessing = 0;
		};
		7D57210C2CBE97EA00FECDF2 /* Frameworks */ = {
			isa = PBXFrameworksBuildPhase;
			buildActionMask = 2147483647;
			files = (
			);
			runOnlyForDeploymentPostprocessing = 0;
		};
		7D5721162CBE97EA00FECDF2 /* Frameworks */ = {
			isa = PBXFrameworksBuildPhase;
			buildActionMask = 2147483647;
			files = (
			);
			runOnlyForDeploymentPostprocessing = 0;
		};
/* End PBXFrameworksBuildPhase section */

/* Begin PBXGroup section */
		7D5720F02CBE97E900FECDF2 = {
			isa = PBXGroup;
			children = (
				7D5720FB2CBE97E900FECDF2 /* FilmMenu */,
				7D5721122CBE97EA00FECDF2 /* FilmMenuTests */,
				7D57211C2CBE97EA00FECDF2 /* FilmMenuUITests */,
				7D5720FA2CBE97E900FECDF2 /* Products */,
			);
			sourceTree = "<group>";
		};
		7D5720FA2CBE97E900FECDF2 /* Products */ = {
			isa = PBXGroup;
			children = (
				7D5720F92CBE97E900FECDF2 /* FilmMenu.app */,
				7D57210F2CBE97EA00FECDF2 /* FilmMenuTests.xctest */,
				7D5721192CBE97EA00FECDF2 /* FilmMenuUITests.xctest */,
			);
			name = Products;
			sourceTree = "<group>";
		};
		7D5720FB2CBE97E900FECDF2 /* FilmMenu */ = {
			isa = PBXGroup;
			children = (
				7D5720FC2CBE97E900FECDF2 /* AppDelegate.swift */,
				7D5720FE2CBE97E900FECDF2 /* SceneDelegate.swift */,
				7D5721002CBE97E900FECDF2 /* ViewController.swift */,
				7D5721022CBE97E900FECDF2 /* Main.storyboard */,
				7D57212C2CBEA40A00FECDF2 /* FilmHucre.swift */,
				7D5721052CBE97EA00FECDF2 /* Assets.xcassets */,
				7D5721072CBE97EA00FECDF2 /* LaunchScreen.storyboard */,
				7D57210A2CBE97EA00FECDF2 /* Info.plist */,
				7D57212E2CBEAE4400FECDF2 /* Filmler.swift */,
			);
			path = FilmMenu;
			sourceTree = "<group>";
		};
		7D5721122CBE97EA00FECDF2 /* FilmMenuTests */ = {
			isa = PBXGroup;
			children = (
				7D5721132CBE97EA00FECDF2 /* FilmMenuTests.swift */,
			);
			path = FilmMenuTests;
			sourceTree = "<group>";
		};
		7D57211C2CBE97EA00FECDF2 /* FilmMenuUITests */ = {
			isa = PBXGroup;
			children = (
				7D57211D2CBE97EA00FECDF2 /* FilmMenuUITests.swift */,
				7D57211F2CBE97EA00FECDF2 /* FilmMenuUITestsLaunchTests.swift */,
			);
			path = FilmMenuUITests;
			sourceTree = "<group>";
		};
/* End PBXGroup section */

/* Begin PBXNativeTarget section */
		7D5720F82CBE97E900FECDF2 /* FilmMenu */ = {
			isa = PBXNativeTarget;
			buildConfigurationList = 7D5721232CBE97EA00FECDF2 /* Build configuration list for PBXNativeTarget "FilmMenu" */;
			buildPhases = (
				7D5720F52CBE97E900FECDF2 /* Sources */,
				7D5720F62CBE97E900FECDF2 /* Frameworks */,
				7D5720F72CBE97E900FECDF2 /* Resources */,
			);
			buildRules = (
			);
			dependencies = (
			);
			name = FilmMenu;
			productName = FilmMenu;
			productReference = 7D5720F92CBE97E900FECDF2 /* FilmMenu.app */;
			productType = "com.apple.product-type.application";
		};
		7D57210E2CBE97EA00FECDF2 /* FilmMenuTests */ = {
			isa = PBXNativeTarget;
			buildConfigurationList = 7D5721262CBE97EA00FECDF2 /* Build configuration list for PBXNativeTarget "FilmMenuTests" */;
			buildPhases = (
				7D57210B2CBE97EA00FECDF2 /* Sources */,
				7D57210C2CBE97EA00FECDF2 /* Frameworks */,
				7D57210D2CBE97EA00FECDF2 /* Resources */,
			);
			buildRules = (
			);
			dependencies = (
				7D5721112CBE97EA00FECDF2 /* PBXTargetDependency */,
			);
			name = FilmMenuTests;
			productName = FilmMenuTests;
			productReference = 7D57210F2CBE97EA00FECDF2 /* FilmMenuTests.xctest */;
			productType = "com.apple.product-type.bundle.unit-test";
		};
		7D5721182CBE97EA00FECDF2 /* FilmMenuUITests */ = {
			isa = PBXNativeTarget;
			buildConfigurationList = 7D5721292CBE97EA00FECDF2 /* Build configuration list for PBXNativeTarget "FilmMenuUITests" */;
			buildPhases = (
				7D5721152CBE97EA00FECDF2 /* Sources */,
				7D5721162CBE97EA00FECDF2 /* Frameworks */,
				7D5721172CBE97EA00FECDF2 /* Resources */,
			);
			buildRules = (
			);
			dependencies = (
				7D57211B2CBE97EA00FECDF2 /* PBXTargetDependency */,
			);
			name = FilmMenuUITests;
			productName = FilmMenuUITests;
			productReference = 7D5721192CBE97EA00FECDF2 /* FilmMenuUITests.xctest */;
			productType = "com.apple.product-type.bundle.ui-testing";
		};
/* End PBXNativeTarget section */

/* Begin PBXProject section */
		7D5720F12CBE97E900FECDF2 /* Project object */ = {
			isa = PBXProject;
			attributes = {
				BuildIndependentTargetsInParallel = 1;
				LastSwiftUpdateCheck = 1510;
				LastUpgradeCheck = 1510;
				TargetAttributes = {
					7D5720F82CBE97E900FECDF2 = {
						CreatedOnToolsVersion = 15.1;
					};
					7D57210E2CBE97EA00FECDF2 = {
						CreatedOnToolsVersion = 15.1;
						TestTargetID = 7D5720F82CBE97E900FECDF2;
					};
					7D5721182CBE97EA00FECDF2 = {
						CreatedOnToolsVersion = 15.1;
						TestTargetID = 7D5720F82CBE97E900FECDF2;
					};
				};
			};
			buildConfigurationList = 7D5720F42CBE97E900FECDF2 /* Build configuration list for PBXProject "FilmMenu" */;
			compatibilityVersion = "Xcode 14.0";
			developmentRegion = en;
			hasScannedForEncodings = 0;
			knownRegions = (
				en,
				Base,
			);
			mainGroup = 7D5720F02CBE97E900FECDF2;
			productRefGroup = 7D5720FA2CBE97E900FECDF2 /* Products */;
			projectDirPath = "";
			projectRoot = "";
			targets = (
				7D5720F82CBE97E900FECDF2 /* FilmMenu */,
				7D57210E2CBE97EA00FECDF2 /* FilmMenuTests */,
				7D5721182CBE97EA00FECDF2 /* FilmMenuUITests */,
			);
		};
/* End PBXProject section */

/* Begin PBXResourcesBuildPhase section */
		7D5720F72CBE97E900FECDF2 /* Resources */ = {
			isa = PBXResourcesBuildPhase;
			buildActionMask = 2147483647;
			files = (
				7D5721092CBE97EA00FECDF2 /* LaunchScreen.storyboard in Resources */,
				7D5721062CBE97EA00FECDF2 /* Assets.xcassets in Resources */,
				7D5721042CBE97E900FECDF2 /* Main.storyboard in Resources */,
			);
			runOnlyForDeploymentPostprocessing = 0;
		};
		7D57210D2CBE97EA00FECDF2 /* Resources */ = {
			isa = PBXResourcesBuildPhase;
			buildActionMask = 2147483647;
			files = (
			);
			runOnlyForDeploymentPostprocessing = 0;
		};
		7D5721172CBE97EA00FECDF2 /* Resources */ = {
			isa = PBXResourcesBuildPhase;
			buildActionMask = 2147483647;
			files = (
			);
			runOnlyForDeploymentPostprocessing = 0;
		};
/* End PBXResourcesBuildPhase section */

/* Begin PBXSourcesBuildPhase section */
		7D5720F52CBE97E900FECDF2 /* Sources */ = {
			isa = PBXSourcesBuildPhase;
			buildActionMask = 2147483647;
			files = (
				7D5721012CBE97E900FECDF2 /* ViewController.swift in Sources */,
				7D5720FD2CBE97E900FECDF2 /* AppDelegate.swift in Sources */,
				7D57212D2CBEA40A00FECDF2 /* FilmHucre.swift in Sources */,
				7D57212F2CBEAE4400FECDF2 /* Filmler.swift in Sources */,
				7D5720FF2CBE97E900FECDF2 /* SceneDelegate.swift in Sources */,
			);
			runOnlyForDeploymentPostprocessing = 0;
		};
		7D57210B2CBE97EA00FECDF2 /* Sources */ = {
			isa = PBXSourcesBuildPhase;
			buildActionMask = 2147483647;
			files = (
				7D5721142CBE97EA00FECDF2 /* FilmMenuTests.swift in Sources */,
			);
			runOnlyForDeploymentPostprocessing = 0;
		};
		7D5721152CBE97EA00FECDF2 /* Sources */ = {
			isa = PBXSourcesBuildPhase;
			buildActionMask = 2147483647;
			files = (
				7D5721202CBE97EA00FECDF2 /* FilmMenuUITestsLaunchTests.swift in Sources */,
				7D57211E2CBE97EA00FECDF2 /* FilmMenuUITests.swift in Sources */,
			);
			runOnlyForDeploymentPostprocessing = 0;
		};
/* End PBXSourcesBuildPhase section */

/* Begin PBXTargetDependency section */
		7D5721112CBE97EA00FECDF2 /* PBXTargetDependency */ = {
			isa = PBXTargetDependency;
			target = 7D5720F82CBE97E900FECDF2 /* FilmMenu */;
			targetProxy = 7D5721102CBE97EA00FECDF2 /* PBXContainerItemProxy */;
		};
		7D57211B2CBE97EA00FECDF2 /* PBXTargetDependency */ = {
			isa = PBXTargetDependency;
			target = 7D5720F82CBE97E900FECDF2 /* FilmMenu */;
			targetProxy = 7D57211A2CBE97EA00FECDF2 /* PBXContainerItemProxy */;
		};
/* End PBXTargetDependency section */

/* Begin PBXVariantGroup section */
		7D5721022CBE97E900FECDF2 /* Main.storyboard */ = {
			isa = PBXVariantGroup;
			children = (
				7D5721032CBE97E900FECDF2 /* Base */,
			);
			name = Main.storyboard;
			sourceTree = "<group>";
		};
		7D5721072CBE97EA00FECDF2 /* LaunchScreen.storyboard */ = {
			isa = PBXVariantGroup;
			children = (
				7D5721082CBE97EA00FECDF2 /* Base */,
			);
			name = LaunchScreen.storyboard;
			sourceTree = "<group>";
		};
/* End PBXVariantGroup section */

/* Begin XCBuildConfiguration section */
		7D5721212CBE97EA00FECDF2 /* Debug */ = {
			isa = XCBuildConfiguration;
			buildSettings = {
				ALWAYS_SEARCH_USER_PATHS = NO;
				ASSETCATALOG_COMPILER_GENERATE_SWIFT_ASSET_SYMBOL_EXTENSIONS = YES;
				CLANG_ANALYZER_NONNULL = YES;
				CLANG_ANALYZER_NUMBER_OBJECT_CONVERSION = YES_AGGRESSIVE;
				CLANG_CXX_LANGUAGE_STANDARD = "gnu++20";
				CLANG_ENABLE_MODULES = YES;
				CLANG_ENABLE_OBJC_ARC = YES;
				CLANG_ENABLE_OBJC_WEAK = YES;
				CLANG_WARN_BLOCK_CAPTURE_AUTORELEASING = YES;
				CLANG_WARN_BOOL_CONVERSION = YES;
				CLANG_WARN_COMMA = YES;
				CLANG_WARN_CONSTANT_CONVERSION = YES;
				CLANG_WARN_DEPRECATED_OBJC_IMPLEMENTATIONS = YES;
				CLANG_WARN_DIRECT_OBJC_ISA_USAGE = YES_ERROR;
				CLANG_WARN_DOCUMENTATION_COMMENTS = YES;
				CLANG_WARN_EMPTY_BODY = YES;
				CLANG_WARN_ENUM_CONVERSION = YES;
				CLANG_WARN_INFINITE_RECURSION = YES;
				CLANG_WARN_INT_CONVERSION = YES;
				CLANG_WARN_NON_LITERAL_NULL_CONVERSION = YES;
				CLANG_WARN_OBJC_IMPLICIT_RETAIN_SELF = YES;
				CLANG_WARN_OBJC_LITERAL_CONVERSION = YES;
				CLANG_WARN_OBJC_ROOT_CLASS = YES_ERROR;
				CLANG_WARN_QUOTED_INCLUDE_IN_FRAMEWORK_HEADER = YES;
				CLANG_WARN_RANGE_LOOP_ANALYSIS = YES;
				CLANG_WARN_STRICT_PROTOTYPES = YES;
				CLANG_WARN_SUSPICIOUS_MOVE = YES;
				CLANG_WARN_UNGUARDED_AVAILABILITY = YES_AGGRESSIVE;
				CLANG_WARN_UNREACHABLE_CODE = YES;
				CLANG_WARN__DUPLICATE_METHOD_MATCH = YES;
				COPY_PHASE_STRIP = NO;
				DEBUG_INFORMATION_FORMAT = dwarf;
				ENABLE_STRICT_OBJC_MSGSEND = YES;
				ENABLE_TESTABILITY = YES;
				ENABLE_USER_SCRIPT_SANDBOXING = YES;
				GCC_C_LANGUAGE_STANDARD = gnu17;
				GCC_DYNAMIC_NO_PIC = NO;
				GCC_NO_COMMON_BLOCKS = YES;
				GCC_OPTIMIZATION_LEVEL = 0;
				GCC_PREPROCESSOR_DEFINITIONS = (
					"DEBUG=1",
					"$(inherited)",
				);
				GCC_WARN_64_TO_32_BIT_CONVERSION = YES;
				GCC_WARN_ABOUT_RETURN_TYPE = YES_ERROR;
				GCC_WARN_UNDECLARED_SELECTOR = YES;
				GCC_WARN_UNINITIALIZED_AUTOS = YES_AGGRESSIVE;
				GCC_WARN_UNUSED_FUNCTION = YES;
				GCC_WARN_UNUSED_VARIABLE = YES;
				IPHONEOS_DEPLOYMENT_TARGET = 17.2;
				LOCALIZATION_PREFERS_STRING_CATALOGS = YES;
				MTL_ENABLE_DEBUG_INFO = INCLUDE_SOURCE;
				MTL_FAST_MATH = YES;
				ONLY_ACTIVE_ARCH = YES;
				SDKROOT = iphoneos;
				SWIFT_ACTIVE_COMPILATION_CONDITIONS = "DEBUG $(inherited)";
				SWIFT_OPTIMIZATION_LEVEL = "-Onone";
			};
			name = Debug;
		};
		7D5721222CBE97EA00FECDF2 /* Release */ = {
			isa = XCBuildConfiguration;
			buildSettings = {
				ALWAYS_SEARCH_USER_PATHS = NO;
				ASSETCATALOG_COMPILER_GENERATE_SWIFT_ASSET_SYMBOL_EXTENSIONS = YES;
				CLANG_ANALYZER_NONNULL = YES;
				CLANG_ANALYZER_NUMBER_OBJECT_CONVERSION = YES_AGGRESSIVE;
				CLANG_CXX_LANGUAGE_STANDARD = "gnu++20";
				CLANG_ENABLE_MODULES = YES;
				CLANG_ENABLE_OBJC_ARC = YES;
				CLANG_ENABLE_OBJC_WEAK = YES;
				CLANG_WARN_BLOCK_CAPTURE_AUTORELEASING = YES;
				CLANG_WARN_BOOL_CONVERSION = YES;
				CLANG_WARN_COMMA = YES;
				CLANG_WARN_CONSTANT_CONVERSION = YES;
				CLANG_WARN_DEPRECATED_OBJC_IMPLEMENTATIONS = YES;
				CLANG_WARN_DIRECT_OBJC_ISA_USAGE = YES_ERROR;
				CLANG_WARN_DOCUMENTATION_COMMENTS = YES;
				CLANG_WARN_EMPTY_BODY = YES;
				CLANG_WARN_ENUM_CONVERSION = YES;
				CLANG_WARN_INFINITE_RECURSION = YES;
				CLANG_WARN_INT_CONVERSION = YES;
				CLANG_WARN_NON_LITERAL_NULL_CONVERSION = YES;
				CLANG_WARN_OBJC_IMPLICIT_RETAIN_SELF = YES;
				CLANG_WARN_OBJC_LITERAL_CONVERSION = YES;
				CLANG_WARN_OBJC_ROOT_CLASS = YES_ERROR;
				CLANG_WARN_QUOTED_INCLUDE_IN_FRAMEWORK_HEADER = YES;
				CLANG_WARN_RANGE_LOOP_ANALYSIS = YES;
				CLANG_WARN_STRICT_PROTOTYPES = YES;
				CLANG_WARN_SUSPICIOUS_MOVE = YES;
				CLANG_WARN_UNGUARDED_AVAILABILITY = YES_AGGRESSIVE;
				CLANG_WARN_UNREACHABLE_CODE = YES;
				CLANG_WARN__DUPLICATE_METHOD_MATCH = YES;
				COPY_PHASE_STRIP = NO;
				DEBUG_INFORMATION_FORMAT = "dwarf-with-dsym";
				ENABLE_NS_ASSERTIONS = NO;
				ENABLE_STRICT_OBJC_MSGSEND = YES;
				ENABLE_USER_SCRIPT_SANDBOXING = YES;
				GCC_C_LANGUAGE_STANDARD = gnu17;
				GCC_NO_COMMON_BLOCKS = YES;
				GCC_WARN_64_TO_32_BIT_CONVERSION = YES;
				GCC_WARN_ABOUT_RETURN_TYPE = YES_ERROR;
				GCC_WARN_UNDECLARED_SELECTOR = YES;
				GCC_WARN_UNINITIALIZED_AUTOS = YES_AGGRESSIVE;
				GCC_WARN_UNUSED_FUNCTION = YES;
				GCC_WARN_UNUSED_VARIABLE = YES;
				IPHONEOS_DEPLOYMENT_TARGET = 17.2;
				LOCALIZATION_PREFERS_STRING_CATALOGS = YES;
				MTL_ENABLE_DEBUG_INFO = NO;
				MTL_FAST_MATH = YES;
				SDKROOT = iphoneos;
				SWIFT_COMPILATION_MODE = wholemodule;
				VALIDATE_PRODUCT = YES;
			};
			name = Release;
		};
		7D5721242CBE97EA00FECDF2 /* Debug */ = {
			isa = XCBuildConfiguration;
			buildSettings = {
				ASSETCATALOG_COMPILER_APPICON_NAME = AppIcon;
				ASSETCATALOG_COMPILER_GLOBAL_ACCENT_COLOR_NAME = AccentColor;
				CODE_SIGN_STYLE = Automatic;
				CURRENT_PROJECT_VERSION = 1;
				GENERATE_INFOPLIST_FILE = YES;
				INFOPLIST_FILE = FilmMenu/Info.plist;
				INFOPLIST_KEY_UIApplicationSupportsIndirectInputEvents = YES;
				INFOPLIST_KEY_UILaunchStoryboardName = LaunchScreen;
				INFOPLIST_KEY_UIMainStoryboardFile = Main;
				INFOPLIST_KEY_UISupportedInterfaceOrientations_iPad = "UIInterfaceOrientationPortrait UIInterfaceOrientationPortraitUpsideDown UIInterfaceOrientationLandscapeLeft UIInterfaceOrientationLandscapeRight";
				INFOPLIST_KEY_UISupportedInterfaceOrientations_iPhone = "UIInterfaceOrientationPortrait UIInterfaceOrientationLandscapeLeft UIInterfaceOrientationLandscapeRight";
				LD_RUNPATH_SEARCH_PATHS = (
					"$(inherited)",
					"@executable_path/Frameworks",
				);
				MARKETING_VERSION = 1.0;
				PRODUCT_BUNDLE_IDENTIFIER = com.FilmMenu;
				PRODUCT_NAME = "$(TARGET_NAME)";
				SWIFT_EMIT_LOC_STRINGS = YES;
				SWIFT_VERSION = 5.0;
				TARGETED_DEVICE_FAMILY = "1,2";
			};
			name = Debug;
		};
		7D5721252CBE97EA00FECDF2 /* Release */ = {
			isa = XCBuildConfiguration;
			buildSettings = {
				ASSETCATALOG_COMPILER_APPICON_NAME = AppIcon;
				ASSETCATALOG_COMPILER_GLOBAL_ACCENT_COLOR_NAME = AccentColor;
				CODE_SIGN_STYLE = Automatic;
				CURRENT_PROJECT_VERSION = 1;
				GENERATE_INFOPLIST_FILE = YES;
				INFOPLIST_FILE = FilmMenu/Info.plist;
				INFOPLIST_KEY_UIApplicationSupportsIndirectInputEvents = YES;
				INFOPLIST_KEY_UILaunchStoryboardName = LaunchScreen;
				INFOPLIST_KEY_UIMainStoryboardFile = Main;
				INFOPLIST_KEY_UISupportedInterfaceOrientations_iPad = "UIInterfaceOrientationPortrait UIInterfaceOrientationPortraitUpsideDown UIInterfaceOrientationLandscapeLeft UIInterfaceOrientationLandscapeRight";
				INFOPLIST_KEY_UISupportedInterfaceOrientations_iPhone = "UIInterfaceOrientationPortrait UIInterfaceOrientationLandscapeLeft UIInterfaceOrientationLandscapeRight";
				LD_RUNPATH_SEARCH_PATHS = (
					"$(inherited)",
					"@executable_path/Frameworks",
				);
				MARKETING_VERSION = 1.0;
				PRODUCT_BUNDLE_IDENTIFIER = com.FilmMenu;
				PRODUCT_NAME = "$(TARGET_NAME)";
				SWIFT_EMIT_LOC_STRINGS = YES;
				SWIFT_VERSION = 5.0;
				TARGETED_DEVICE_FAMILY = "1,2";
			};
			name = Release;
		};
		7D5721272CBE97EA00FECDF2 /* Debug */ = {
			isa = XCBuildConfiguration;
			buildSettings = {
				ALWAYS_EMBED_SWIFT_STANDARD_LIBRARIES = YES;
				BUNDLE_LOADER = "$(TEST_HOST)";
				CODE_SIGN_STYLE = Automatic;
				CURRENT_PROJECT_VERSION = 1;
				GENERATE_INFOPLIST_FILE = YES;
				IPHONEOS_DEPLOYMENT_TARGET = 17.2;
				MARKETING_VERSION = 1.0;
				PRODUCT_BUNDLE_IDENTIFIER = com.FilmMenuTests;
				PRODUCT_NAME = "$(TARGET_NAME)";
				SWIFT_EMIT_LOC_STRINGS = NO;
				SWIFT_VERSION = 5.0;
				TARGETED_DEVICE_FAMILY = "1,2";
				TEST_HOST = "$(BUILT_PRODUCTS_DIR)/FilmMenu.app/$(BUNDLE_EXECUTABLE_FOLDER_PATH)/FilmMenu";
			};
			name = Debug;
		};
		7D5721282CBE97EA00FECDF2 /* Release */ = {
			isa = XCBuildConfiguration;
			buildSettings = {
				ALWAYS_EMBED_SWIFT_STANDARD_LIBRARIES = YES;
				BUNDLE_LOADER = "$(TEST_HOST)";
				CODE_SIGN_STYLE = Automatic;
				CURRENT_PROJECT_VERSION = 1;
				GENERATE_INFOPLIST_FILE = YES;
				IPHONEOS_DEPLOYMENT_TARGET = 17.2;
				MARKETING_VERSION = 1.0;
				PRODUCT_BUNDLE_IDENTIFIER = com.FilmMenuTests;
				PRODUCT_NAME = "$(TARGET_NAME)";
				SWIFT_EMIT_LOC_STRINGS = NO;
				SWIFT_VERSION = 5.0;
				TARGETED_DEVICE_FAMILY = "1,2";
				TEST_HOST = "$(BUILT_PRODUCTS_DIR)/FilmMenu.app/$(BUNDLE_EXECUTABLE_FOLDER_PATH)/FilmMenu";
			};
			name = Release;
		};
		7D57212A2CBE97EA00FECDF2 /* Debug */ = {
			isa = XCBuildConfiguration;
			buildSettings = {
				ALWAYS_EMBED_SWIFT_STANDARD_LIBRARIES = YES;
				CODE_SIGN_STYLE = Automatic;
				CURRENT_PROJECT_VERSION = 1;
				GENERATE_INFOPLIST_FILE = YES;
				MARKETING_VERSION = 1.0;
				PRODUCT_BUNDLE_IDENTIFIER = com.FilmMenuUITests;
				PRODUCT_NAME = "$(TARGET_NAME)";
				SWIFT_EMIT_LOC_STRINGS = NO;
				SWIFT_VERSION = 5.0;
				TARGETED_DEVICE_FAMILY = "1,2";
				TEST_TARGET_NAME = FilmMenu;
			};
			name = Debug;
		};
		7D57212B2CBE97EA00FECDF2 /* Release */ = {
			isa = XCBuildConfiguration;
			buildSettings = {
				ALWAYS_EMBED_SWIFT_STANDARD_LIBRARIES = YES;
				CODE_SIGN_STYLE = Automatic;
				CURRENT_PROJECT_VERSION = 1;
				GENERATE_INFOPLIST_FILE = YES;
				MARKETING_VERSION = 1.0;
				PRODUCT_BUNDLE_IDENTIFIER = com.FilmMenuUITests;
				PRODUCT_NAME = "$(TARGET_NAME)";
				SWIFT_EMIT_LOC_STRINGS = NO;
				SWIFT_VERSION = 5.0;
				TARGETED_DEVICE_FAMILY = "1,2";
				TEST_TARGET_NAME = FilmMenu;
			};
			name = Release;
		};
/* End XCBuildConfiguration section */

/* Begin XCConfigurationList section */
		7D5720F42CBE97E900FECDF2 /* Build configuration list for PBXProject "FilmMenu" */ = {
			isa = XCConfigurationList;
			buildConfigurations = (
				7D5721212CBE97EA00FECDF2 /* Debug */,
				7D5721222CBE97EA00FECDF2 /* Release */,
			);
			defaultConfigurationIsVisible = 0;
			defaultConfigurationName = Release;
		};
		7D5721232CBE97EA00FECDF2 /* Build configuration list for PBXNativeTarget "FilmMenu" */ = {
			isa = XCConfigurationList;
			buildConfigurations = (
				7D5721242CBE97EA00FECDF2 /* Debug */,
				7D5721252CBE97EA00FECDF2 /* Release */,
			);
			defaultConfigurationIsVisible = 0;
			defaultConfigurationName = Release;
		};
		7D5721262CBE97EA00FECDF2 /* Build configuration list for PBXNativeTarget "FilmMenuTests" */ = {
			isa = XCConfigurationList;
			buildConfigurations = (
				7D5721272CBE97EA00FECDF2 /* Debug */,
				7D5721282CBE97EA00FECDF2 /* Release */,
			);
			defaultConfigurationIsVisible = 0;
			defaultConfigurationName = Release;
		};
		7D5721292CBE97EA00FECDF2 /* Build configuration list for PBXNativeTarget "FilmMenuUITests" */ = {
			isa = XCConfigurationList;
			buildConfigurations = (
				7D57212A2CBE97EA00FECDF2 /* Debug */,
				7D57212B2CBE97EA00FECDF2 /* Release */,
			);
			defaultConfigurationIsVisible = 0;
			defaultConfigurationName = Release;
		};
/* End XCConfigurationList section */
	};
	rootObject = 7D5720F12CBE97E900FECDF2 /* Project object */;
}
